
Microsoft Visual Studio Solution File, Format Version 12.00
# Visual Studio Version 16
VisualStudioVersion = 16.0.31410.357
MinimumVisualStudioVersion = 10.0.40219.1
Project("{FAE04EC0-301F-11D3-BF4B-00C04F79EFBC}") = "app2", "app2\app2.csproj", "{A373839A-B7B8-44B6-A75A-EDFA30E22158}"
EndProject
Global
	GlobalSection(SolutionConfigurationPlatforms) = preSolution
		Debug|Any CPU = Debug|Any CPU
		Release|Any CPU = Release|Any CPU
	EndGlobalSection
	GlobalSection(ProjectConfigurationPlatforms) = postSolution
		{A373839A-B7B8-44B6-A75A-EDFA30E22158}.Debug|Any CPU.ActiveCfg = Debug|Any CPU
		{A373839A-B7B8-44B6-A75A-EDFA30E22158}.Debug|Any CPU.Build.0 = Debug|Any CPU
		{A373839A-B7B8-44B6-A75A-EDFA30E22158}.Release|Any CPU.ActiveCfg = Release|Any CPU
		{A373839A-B7B8-44B6-A75A-EDFA30E22158}.Release|Any CPU.Build.0 = Release|Any CPU
	EndGlobalSection
	GlobalSection(SolutionProperties) = preSolution
		HideSolutionNode = FALSE
	EndGlobalSection
	GlobalSection(ExtensibilityGlobals) = postSolution
		SolutionGuid = {21CC664F-E22B-4309-ADD8-C7C2B47F36DD}
	EndGlobalSection
EndGlobal
