
Microsoft Visual Studio Solution File, Format Version 12.00
# Visual Studio Version 16
VisualStudioVersion = 16.0.31410.357
MinimumVisualStudioVersion = 10.0.40219.1
Project("{FAE04EC0-301F-11D3-BF4B-00C04F79EFBC}") = "OneApp", "OneApp\OneApp.csproj", "{1B8B553F-EF2A-4851-AB0E-79565779E3CF}"
EndProject
Global
	GlobalSection(SolutionConfigurationPlatforms) = preSolution
		Debug|Any CPU = Debug|Any CPU
		Release|Any CPU = Release|Any CPU
	EndGlobalSection
	GlobalSection(ProjectConfigurationPlatforms) = postSolution
		{1B8B553F-EF2A-4851-AB0E-79565779E3CF}.Debug|Any CPU.ActiveCfg = Debug|Any CPU
		{1B8B553F-EF2A-4851-AB0E-79565779E3CF}.Debug|Any CPU.Build.0 = Debug|Any CPU
		{1B8B553F-EF2A-4851-AB0E-79565779E3CF}.Release|Any CPU.ActiveCfg = Release|Any CPU
		{1B8B553F-EF2A-4851-AB0E-79565779E3CF}.Release|Any CPU.Build.0 = Release|Any CPU
	EndGlobalSection
	GlobalSection(SolutionProperties) = preSolution
		HideSolutionNode = FALSE
	EndGlobalSection
	GlobalSection(ExtensibilityGlobals) = postSolution
		SolutionGuid = {C75F6A6E-9747-4047-9734-496EBF215425}
	EndGlobalSection
EndGlobal
